
Microsoft Visual Studio Solution File, Format Version 11.00
# Visual Studio 2010
Project("{FAE04EC0-301F-11D3-BF4B-00C04F79EFBC}") = "AutoTest.TestRunner", "src\AutoTest.TestRunner\AutoTest.TestRunner.csproj", "{E648C29A-EF25-44CB-924E-019949ABD6B9}"
EndProject
Project("{FAE04EC0-301F-11D3-BF4B-00C04F79EFBC}") = "nunit.core.interfaces.dll", "..\NUnit-2.5.9.10348\src\NUnitCore\interfaces\nunit.core.interfaces.dll.csproj", "{435428F8-5995-4CE4-8022-93D595A8CC0F}"
EndProject
Project("{FAE04EC0-301F-11D3-BF4B-00C04F79EFBC}") = "nunit.core.dll", "..\NUnit-2.5.9.10348\src\NUnitCore\core\nunit.core.dll.csproj", "{EBD43A7F-AFCA-4281-BB53-5CDD91F966A3}"
EndProject
Project("{FAE04EC0-301F-11D3-BF4B-00C04F79EFBC}") = "nunit.util.dll", "..\NUnit-2.5.9.10348\src\ClientUtilities\util\nunit.util.dll.csproj", "{61CE9CE5-943E-44D4-A381-814DC1406767}"
EndProject
Global
	GlobalSection(SolutionConfigurationPlatforms) = preSolution
		Debug|Any CPU = Debug|Any CPU
		Debug|Mixed Platforms = Debug|Mixed Platforms
		Debug|x86 = Debug|x86
		Release|Any CPU = Release|Any CPU
		Release|Mixed Platforms = Release|Mixed Platforms
		Release|x86 = Release|x86
	EndGlobalSection
	GlobalSection(ProjectConfigurationPlatforms) = postSolution
		{E648C29A-EF25-44CB-924E-019949ABD6B9}.Debug|Any CPU.ActiveCfg = Debug|x86
		{E648C29A-EF25-44CB-924E-019949ABD6B9}.Debug|Mixed Platforms.ActiveCfg = Debug|x86
		{E648C29A-EF25-44CB-924E-019949ABD6B9}.Debug|Mixed Platforms.Build.0 = Debug|x86
		{E648C29A-EF25-44CB-924E-019949ABD6B9}.Debug|x86.ActiveCfg = Debug|x86
		{E648C29A-EF25-44CB-924E-019949ABD6B9}.Debug|x86.Build.0 = Debug|x86
		{E648C29A-EF25-44CB-924E-019949ABD6B9}.Release|Any CPU.ActiveCfg = Release|x86
		{E648C29A-EF25-44CB-924E-019949ABD6B9}.Release|Mixed Platforms.ActiveCfg = Release|x86
		{E648C29A-EF25-44CB-924E-019949ABD6B9}.Release|Mixed Platforms.Build.0 = Release|x86
		{E648C29A-EF25-44CB-924E-019949ABD6B9}.Release|x86.ActiveCfg = Release|x86
		{E648C29A-EF25-44CB-924E-019949ABD6B9}.Release|x86.Build.0 = Release|x86
		{435428F8-5995-4CE4-8022-93D595A8CC0F}.Debug|Any CPU.ActiveCfg = Debug|Any CPU
		{435428F8-5995-4CE4-8022-93D595A8CC0F}.Debug|Any CPU.Build.0 = Debug|Any CPU
		{435428F8-5995-4CE4-8022-93D595A8CC0F}.Debug|Mixed Platforms.ActiveCfg = Debug|Any CPU
		{435428F8-5995-4CE4-8022-93D595A8CC0F}.Debug|Mixed Platforms.Build.0 = Debug|Any CPU
		{435428F8-5995-4CE4-8022-93D595A8CC0F}.Debug|x86.ActiveCfg = Debug|Any CPU
		{435428F8-5995-4CE4-8022-93D595A8CC0F}.Release|Any CPU.ActiveCfg = Release|Any CPU
		{435428F8-5995-4CE4-8022-93D595A8CC0F}.Release|Any CPU.Build.0 = Release|Any CPU
		{435428F8-5995-4CE4-8022-93D595A8CC0F}.Release|Mixed Platforms.ActiveCfg = Release|Any CPU
		{435428F8-5995-4CE4-8022-93D595A8CC0F}.Release|Mixed Platforms.Build.0 = Release|Any CPU
		{435428F8-5995-4CE4-8022-93D595A8CC0F}.Release|x86.ActiveCfg = Release|Any CPU
		{EBD43A7F-AFCA-4281-BB53-5CDD91F966A3}.Debug|Any CPU.ActiveCfg = Debug|Any CPU
		{EBD43A7F-AFCA-4281-BB53-5CDD91F966A3}.Debug|Any CPU.Build.0 = Debug|Any CPU
		{EBD43A7F-AFCA-4281-BB53-5CDD91F966A3}.Debug|Mixed Platforms.ActiveCfg = Debug|Any CPU
		{EBD43A7F-AFCA-4281-BB53-5CDD91F966A3}.Debug|Mixed Platforms.Build.0 = Debug|Any CPU
		{EBD43A7F-AFCA-4281-BB53-5CDD91F966A3}.Debug|x86.ActiveCfg = Debug|Any CPU
		{EBD43A7F-AFCA-4281-BB53-5CDD91F966A3}.Release|Any CPU.ActiveCfg = Release|Any CPU
		{EBD43A7F-AFCA-4281-BB53-5CDD91F966A3}.Release|Any CPU.Build.0 = Release|Any CPU
		{EBD43A7F-AFCA-4281-BB53-5CDD91F966A3}.Release|Mixed Platforms.ActiveCfg = Release|Any CPU
		{EBD43A7F-AFCA-4281-BB53-5CDD91F966A3}.Release|Mixed Platforms.Build.0 = Release|Any CPU
		{EBD43A7F-AFCA-4281-BB53-5CDD91F966A3}.Release|x86.ActiveCfg = Release|Any CPU
		{61CE9CE5-943E-44D4-A381-814DC1406767}.Debug|Any CPU.ActiveCfg = Debug|Any CPU
		{61CE9CE5-943E-44D4-A381-814DC1406767}.Debug|Any CPU.Build.0 = Debug|Any CPU
		{61CE9CE5-943E-44D4-A381-814DC1406767}.Debug|Mixed Platforms.ActiveCfg = Debug|Any CPU
		{61CE9CE5-943E-44D4-A381-814DC1406767}.Debug|Mixed Platforms.Build.0 = Debug|Any CPU
		{61CE9CE5-943E-44D4-A381-814DC1406767}.Debug|x86.ActiveCfg = Debug|Any CPU
		{61CE9CE5-943E-44D4-A381-814DC1406767}.Release|Any CPU.ActiveCfg = Release|Any CPU
		{61CE9CE5-943E-44D4-A381-814DC1406767}.Release|Any CPU.Build.0 = Release|Any CPU
		{61CE9CE5-943E-44D4-A381-814DC1406767}.Release|Mixed Platforms.ActiveCfg = Release|Any CPU
		{61CE9CE5-943E-44D4-A381-814DC1406767}.Release|Mixed Platforms.Build.0 = Release|Any CPU
		{61CE9CE5-943E-44D4-A381-814DC1406767}.Release|x86.ActiveCfg = Release|Any CPU
	EndGlobalSection
	GlobalSection(SolutionProperties) = preSolution
		HideSolutionNode = FALSE
	EndGlobalSection
EndGlobal
