
Microsoft Visual Studio Solution File, Format Version 10.00
# Visual Studio 2008
Project("{FAE04EC0-301F-11D3-BF4B-00C04F79EFBC}") = "AutoTest.Core", "src\AutoTest.Core\AutoTest.Core.csproj", "{1A05A6F1-2CC0-4A55-A54B-F2AA252F7B45}"
EndProject
Project("{FAE04EC0-301F-11D3-BF4B-00C04F79EFBC}") = "AutoTest.Test", "src\AutoTest.Test\AutoTest.Test.csproj", "{C10F3D4F-EE5A-4F5F-96B4-E4D88DD719BF}"
EndProject
Project("{FAE04EC0-301F-11D3-BF4B-00C04F79EFBC}") = "AutoTest.Console", "src\AutoTest.Console\AutoTest.Console.csproj", "{5522C9C0-55A5-47AB-8D78-4A9C6BF27B18}"
EndProject
Project("{FAE04EC0-301F-11D3-BF4B-00C04F79EFBC}") = "AutoTest.WinForms", "src\AutoTest.WinForms\AutoTest.WinForms.csproj", "{156E0A36-C747-49B2-A8D1-A85894145989}"
EndProject
Global
	GlobalSection(SolutionConfigurationPlatforms) = preSolution
		Debug|Any CPU = Debug|Any CPU
		Release|Any CPU = Release|Any CPU
	EndGlobalSection
	GlobalSection(ProjectConfigurationPlatforms) = postSolution
		{1A05A6F1-2CC0-4A55-A54B-F2AA252F7B45}.Debug|Any CPU.ActiveCfg = Debug|Any CPU
		{1A05A6F1-2CC0-4A55-A54B-F2AA252F7B45}.Debug|Any CPU.Build.0 = Debug|Any CPU
		{1A05A6F1-2CC0-4A55-A54B-F2AA252F7B45}.Release|Any CPU.ActiveCfg = Release|Any CPU
		{1A05A6F1-2CC0-4A55-A54B-F2AA252F7B45}.Release|Any CPU.Build.0 = Release|Any CPU
		{C10F3D4F-EE5A-4F5F-96B4-E4D88DD719BF}.Debug|Any CPU.ActiveCfg = Debug|Any CPU
		{C10F3D4F-EE5A-4F5F-96B4-E4D88DD719BF}.Debug|Any CPU.Build.0 = Debug|Any CPU
		{C10F3D4F-EE5A-4F5F-96B4-E4D88DD719BF}.Release|Any CPU.ActiveCfg = Release|Any CPU
		{C10F3D4F-EE5A-4F5F-96B4-E4D88DD719BF}.Release|Any CPU.Build.0 = Release|Any CPU
		{5522C9C0-55A5-47AB-8D78-4A9C6BF27B18}.Debug|Any CPU.ActiveCfg = Debug|Any CPU
		{5522C9C0-55A5-47AB-8D78-4A9C6BF27B18}.Debug|Any CPU.Build.0 = Debug|Any CPU
		{5522C9C0-55A5-47AB-8D78-4A9C6BF27B18}.Release|Any CPU.ActiveCfg = Release|Any CPU
		{5522C9C0-55A5-47AB-8D78-4A9C6BF27B18}.Release|Any CPU.Build.0 = Release|Any CPU
		{156E0A36-C747-49B2-A8D1-A85894145989}.Debug|Any CPU.ActiveCfg = Debug|Any CPU
		{156E0A36-C747-49B2-A8D1-A85894145989}.Debug|Any CPU.Build.0 = Debug|Any CPU
		{156E0A36-C747-49B2-A8D1-A85894145989}.Release|Any CPU.ActiveCfg = Release|Any CPU
		{156E0A36-C747-49B2-A8D1-A85894145989}.Release|Any CPU.Build.0 = Release|Any CPU
	EndGlobalSection
	GlobalSection(SolutionProperties) = preSolution
		HideSolutionNode = FALSE
	EndGlobalSection
EndGlobal
